{
  "name": "v_sitemap",
  "version": "0.0.01",
  "lockfileVersion": 2,
  "requires": true,
  "packages": {
    "": {
      "name": "v_sitemap",
      "version": "0.0.01",
      "license": "ISC",
      "dependencies": {
        "v_file_system": "^1.0.5"
      }
    },
    "node_modules/v_file_system": {
      "version": "1.0.5",
      "resolved": "https://registry.npmjs.org/v_file_system/-/v_file_system-1.0.5.tgz",
      "integrity": "sha512-j08Ru5yb8fiPXCE8F+iye7UtBPwagitm3/XWQZl+EEi75essIGsnyUxozqYO3J0zMQaQC+V1gAFkjYejVjnjMA=="
    }
  },
  "dependencies": {
    "v_file_system": {
      "version": "1.0.5",
      "resolved": "https://registry.npmjs.org/v_file_system/-/v_file_system-1.0.5.tgz",
      "integrity": "sha512-j08Ru5yb8fiPXCE8F+iye7UtBPwagitm3/XWQZl+EEi75essIGsnyUxozqYO3J0zMQaQC+V1gAFkjYejVjnjMA=="
    }
  }
}
